{
  "name": "list-of-ingredients",
  "requires": true,
  "lockfileVersion": 1,
  "dependencies": {
    "typeit": {
      "version": "7.0.2",
      "resolved": "https://registry.npmjs.org/typeit/-/typeit-7.0.2.tgz",
      "integrity": "sha512-dJOOkwCj9N7+p8W/sq07rM5Mr/S6zBVd7/a+OBm0Bh2ueSvA8OGGIGMqOaz/7ZqNb3ZRyZRbxmthzT/St7rWzw=="
    }
  }
}
